
Microsoft Visual Studio Solution File, Format Version 12.00
# Visual Studio 15
VisualStudioVersion = 15.0.27703.2042
MinimumVisualStudioVersion = 10.0.40219.1
Project("{8BC9CEB8-8B4A-11D0-8D11-00A0C91BC942}") = "bubble_sort", "bubble_sort\bubble_sort.vcxproj", "{CAC35135-EDE1-4E15-80C0-16A6108F5ACC}"
EndProject
Global
	GlobalSection(SolutionConfigurationPlatforms) = preSolution
		Debug|x64 = Debug|x64
		Debug|x86 = Debug|x86
		Release|x64 = Release|x64
		Release|x86 = Release|x86
	EndGlobalSection
	GlobalSection(ProjectConfigurationPlatforms) = postSolution
		{CAC35135-EDE1-4E15-80C0-16A6108F5ACC}.Debug|x64.ActiveCfg = Debug|x64
		{CAC35135-EDE1-4E15-80C0-16A6108F5ACC}.Debug|x64.Build.0 = Debug|x64
		{CAC35135-EDE1-4E15-80C0-16A6108F5ACC}.Debug|x86.ActiveCfg = Debug|Win32
		{CAC35135-EDE1-4E15-80C0-16A6108F5ACC}.Debug|x86.Build.0 = Debug|Win32
		{CAC35135-EDE1-4E15-80C0-16A6108F5ACC}.Release|x64.ActiveCfg = Release|x64
		{CAC35135-EDE1-4E15-80C0-16A6108F5ACC}.Release|x64.Build.0 = Release|x64
		{CAC35135-EDE1-4E15-80C0-16A6108F5ACC}.Release|x86.ActiveCfg = Release|Win32
		{CAC35135-EDE1-4E15-80C0-16A6108F5ACC}.Release|x86.Build.0 = Release|Win32
	EndGlobalSection
	GlobalSection(SolutionProperties) = preSolution
		HideSolutionNode = FALSE
	EndGlobalSection
	GlobalSection(ExtensibilityGlobals) = postSolution
		SolutionGuid = {98391392-A22A-4F3E-8CF9-1E9A92310A88}
	EndGlobalSection
EndGlobal
