
Microsoft Visual Studio Solution File, Format Version 12.00
# Visual Studio 15
VisualStudioVersion = 15.0.27703.2042
MinimumVisualStudioVersion = 10.0.40219.1
Project("{8BC9CEB8-8B4A-11D0-8D11-00A0C91BC942}") = "queue", "queue\queue.vcxproj", "{3BBF0C14-2DD9-4AEB-99B1-158130B9D30E}"
EndProject
Global
	GlobalSection(SolutionConfigurationPlatforms) = preSolution
		Debug|x64 = Debug|x64
		Debug|x86 = Debug|x86
		Release|x64 = Release|x64
		Release|x86 = Release|x86
	EndGlobalSection
	GlobalSection(ProjectConfigurationPlatforms) = postSolution
		{3BBF0C14-2DD9-4AEB-99B1-158130B9D30E}.Debug|x64.ActiveCfg = Debug|x64
		{3BBF0C14-2DD9-4AEB-99B1-158130B9D30E}.Debug|x64.Build.0 = Debug|x64
		{3BBF0C14-2DD9-4AEB-99B1-158130B9D30E}.Debug|x86.ActiveCfg = Debug|Win32
		{3BBF0C14-2DD9-4AEB-99B1-158130B9D30E}.Debug|x86.Build.0 = Debug|Win32
		{3BBF0C14-2DD9-4AEB-99B1-158130B9D30E}.Release|x64.ActiveCfg = Release|x64
		{3BBF0C14-2DD9-4AEB-99B1-158130B9D30E}.Release|x64.Build.0 = Release|x64
		{3BBF0C14-2DD9-4AEB-99B1-158130B9D30E}.Release|x86.ActiveCfg = Release|Win32
		{3BBF0C14-2DD9-4AEB-99B1-158130B9D30E}.Release|x86.Build.0 = Release|Win32
	EndGlobalSection
	GlobalSection(SolutionProperties) = preSolution
		HideSolutionNode = FALSE
	EndGlobalSection
	GlobalSection(ExtensibilityGlobals) = postSolution
		SolutionGuid = {5812D7B1-BDFE-4654-AF17-769C3E7ED097}
	EndGlobalSection
EndGlobal
